// !$*UTF8*$!
{
	archiveVersion = 1;
	classes = {
	};
	objectVersion = 50;
	objects = {

/* Begin PBXBuildFile section */
		837CA08925F38A0100BCF84D /* Tests_iOS.swift in Sources */ = {isa = PBXBuildFile; fileRef = 837CA08825F38A0100BCF84D /* Tests_iOS.swift */; };
		837CA09425F38A0100BCF84D /* Tests_macOS.swift in Sources */ = {isa = PBXBuildFile; fileRef = 837CA09325F38A0100BCF84D /* Tests_macOS.swift */; };
		837CA09625F38A0100BCF84D /* QRCode_demoApp.swift in Sources */ = {isa = PBXBuildFile; fileRef = 837CA06D25F38A0000BCF84D /* QRCode_demoApp.swift */; };
		837CA09725F38A0100BCF84D /* QRCode_demoApp.swift in Sources */ = {isa = PBXBuildFile; fileRef = 837CA06D25F38A0000BCF84D /* QRCode_demoApp.swift */; };
		837CA09825F38A0100BCF84D /* ContentView.swift in Sources */ = {isa = PBXBuildFile; fileRef = 837CA06E25F38A0000BCF84D /* ContentView.swift */; };
		837CA09925F38A0100BCF84D /* ContentView.swift in Sources */ = {isa = PBXBuildFile; fileRef = 837CA06E25F38A0000BCF84D /* ContentView.swift */; };
		837CA09A25F38A0100BCF84D /* Assets.xcassets in Resources */ = {isa = PBXBuildFile; fileRef = 837CA06F25F38A0100BCF84D /* Assets.xcassets */; };
		837CA09B25F38A0100BCF84D /* Assets.xcassets in Resources */ = {isa = PBXBuildFile; fileRef = 837CA06F25F38A0100BCF84D /* Assets.xcassets */; };
/* End PBXBuildFile section */

/* Begin PBXContainerItemProxy section */
		837CA08525F38A0100BCF84D /* PBXContainerItemProxy */ = {
			isa = PBXContainerItemProxy;
			containerPortal = 837CA06825F38A0000BCF84D /* Project object */;
			proxyType = 1;
			remoteGlobalIDString = 837CA07325F38A0100BCF84D;
			remoteInfo = "QRCode demo (iOS)";
		};
		837CA09025F38A0100BCF84D /* PBXContainerItemProxy */ = {
			isa = PBXContainerItemProxy;
			containerPortal = 837CA06825F38A0000BCF84D /* Project object */;
			proxyType = 1;
			remoteGlobalIDString = 837CA07B25F38A0100BCF84D;
			remoteInfo = "QRCode demo (macOS)";
		};
/* End PBXContainerItemProxy section */

/* Begin PBXFileReference section */
		837CA06D25F38A0000BCF84D /* QRCode_demoApp.swift */ = {isa = PBXFileReference; lastKnownFileType = sourcecode.swift; path = QRCode_demoApp.swift; sourceTree = "<group>"; };
		837CA06E25F38A0000BCF84D /* ContentView.swift */ = {isa = PBXFileReference; lastKnownFileType = sourcecode.swift; path = ContentView.swift; sourceTree = "<group>"; };
		837CA06F25F38A0100BCF84D /* Assets.xcassets */ = {isa = PBXFileReference; lastKnownFileType = folder.assetcatalog; path = Assets.xcassets; sourceTree = "<group>"; };
		837CA07425F38A0100BCF84D /* QRCode demo.app */ = {isa = PBXFileReference; explicitFileType = wrapper.application; includeInIndex = 0; path = "QRCode demo.app"; sourceTree = BUILT_PRODUCTS_DIR; };
		837CA07725F38A0100BCF84D /* Info.plist */ = {isa = PBXFileReference; lastKnownFileType = text.plist.xml; path = Info.plist; sourceTree = "<group>"; };
		837CA07C25F38A0100BCF84D /* QRCode demo.app */ = {isa = PBXFileReference; explicitFileType = wrapper.application; includeInIndex = 0; path = "QRCode demo.app"; sourceTree = BUILT_PRODUCTS_DIR; };
		837CA07E25F38A0100BCF84D /* Info.plist */ = {isa = PBXFileReference; lastKnownFileType = text.plist.xml; path = Info.plist; sourceTree = "<group>"; };
		837CA07F25F38A0100BCF84D /* macOS.entitlements */ = {isa = PBXFileReference; lastKnownFileType = text.plist.entitlements; path = macOS.entitlements; sourceTree = "<group>"; };
		837CA08425F38A0100BCF84D /* Tests iOS.xctest */ = {isa = PBXFileReference; explicitFileType = wrapper.cfbundle; includeInIndex = 0; path = "Tests iOS.xctest"; sourceTree = BUILT_PRODUCTS_DIR; };
		837CA08825F38A0100BCF84D /* Tests_iOS.swift */ = {isa = PBXFileReference; lastKnownFileType = sourcecode.swift; path = Tests_iOS.swift; sourceTree = "<group>"; };
		837CA08A25F38A0100BCF84D /* Info.plist */ = {isa = PBXFileReference; lastKnownFileType = text.plist.xml; path = Info.plist; sourceTree = "<group>"; };
		837CA08F25F38A0100BCF84D /* Tests macOS.xctest */ = {isa = PBXFileReference; explicitFileType = wrapper.cfbundle; includeInIndex = 0; path = "Tests macOS.xctest"; sourceTree = BUILT_PRODUCTS_DIR; };
		837CA09325F38A0100BCF84D /* Tests_macOS.swift */ = {isa = PBXFileReference; lastKnownFileType = sourcecode.swift; path = Tests_macOS.swift; sourceTree = "<group>"; };
		837CA09525F38A0100BCF84D /* Info.plist */ = {isa = PBXFileReference; lastKnownFileType = text.plist.xml; path = Info.plist; sourceTree = "<group>"; };
/* End PBXFileReference section */

/* Begin PBXFrameworksBuildPhase section */
		837CA07125F38A0100BCF84D /* Frameworks */ = {
			isa = PBXFrameworksBuildPhase;
			buildActionMask = 2147483647;
			files = (
			);
			runOnlyForDeploymentPostprocessing = 0;
		};
		837CA07925F38A0100BCF84D /* Frameworks */ = {
			isa = PBXFrameworksBuildPhase;
			buildActionMask = 2147483647;
			files = (
			);
			runOnlyForDeploymentPostprocessing = 0;
		};
		837CA08125F38A0100BCF84D /* Frameworks */ = {
			isa = PBXFrameworksBuildPhase;
			buildActionMask = 2147483647;
			files = (
			);
			runOnlyForDeploymentPostprocessing = 0;
		};
		837CA08C25F38A0100BCF84D /* Frameworks */ = {
			isa = PBXFrameworksBuildPhase;
			buildActionMask = 2147483647;
			files = (
			);
			runOnlyForDeploymentPostprocessing = 0;
		};
/* End PBXFrameworksBuildPhase section */

/* Begin PBXGroup section */
		837CA06725F38A0000BCF84D = {
			isa = PBXGroup;
			children = (
				837CA06C25F38A0000BCF84D /* Shared */,
				837CA07625F38A0100BCF84D /* iOS */,
				837CA07D25F38A0100BCF84D /* macOS */,
				837CA08725F38A0100BCF84D /* Tests iOS */,
				837CA09225F38A0100BCF84D /* Tests macOS */,
				837CA07525F38A0100BCF84D /* Products */,
			);
			sourceTree = "<group>";
		};
		837CA06C25F38A0000BCF84D /* Shared */ = {
			isa = PBXGroup;
			children = (
				837CA06D25F38A0000BCF84D /* QRCode_demoApp.swift */,
				837CA06E25F38A0000BCF84D /* ContentView.swift */,
				837CA06F25F38A0100BCF84D /* Assets.xcassets */,
			);
			path = Shared;
			sourceTree = "<group>";
		};
		837CA07525F38A0100BCF84D /* Products */ = {
			isa = PBXGroup;
			children = (
				837CA07425F38A0100BCF84D /* QRCode demo.app */,
				837CA07C25F38A0100BCF84D /* QRCode demo.app */,
				837CA08425F38A0100BCF84D /* Tests iOS.xctest */,
				837CA08F25F38A0100BCF84D /* Tests macOS.xctest */,
			);
			name = Products;
			sourceTree = "<group>";
		};
		837CA07625F38A0100BCF84D /* iOS */ = {
			isa = PBXGroup;
			children = (
				837CA07725F38A0100BCF84D /* Info.plist */,
			);
			path = iOS;
			sourceTree = "<group>";
		};
		837CA07D25F38A0100BCF84D /* macOS */ = {
			isa = PBXGroup;
			children = (
				837CA07E25F38A0100BCF84D /* Info.plist */,
				837CA07F25F38A0100BCF84D /* macOS.entitlements */,
			);
			path = macOS;
			sourceTree = "<group>";
		};
		837CA08725F38A0100BCF84D /* Tests iOS */ = {
			isa = PBXGroup;
			children = (
				837CA08825F38A0100BCF84D /* Tests_iOS.swift */,
				837CA08A25F38A0100BCF84D /* Info.plist */,
			);
			path = "Tests iOS";
			sourceTree = "<group>";
		};
		837CA09225F38A0100BCF84D /* Tests macOS */ = {
			isa = PBXGroup;
			children = (
				837CA09325F38A0100BCF84D /* Tests_macOS.swift */,
				837CA09525F38A0100BCF84D /* Info.plist */,
			);
			path = "Tests macOS";
			sourceTree = "<group>";
		};
/* End PBXGroup section */

/* Begin PBXNativeTarget section */
		837CA07325F38A0100BCF84D /* QRCode demo (iOS) */ = {
			isa = PBXNativeTarget;
			buildConfigurationList = 837CA09E25F38A0100BCF84D /* Build configuration list for PBXNativeTarget "QRCode demo (iOS)" */;
			buildPhases = (
				837CA07025F38A0100BCF84D /* Sources */,
				837CA07125F38A0100BCF84D /* Frameworks */,
				837CA07225F38A0100BCF84D /* Resources */,
			);
			buildRules = (
			);
			dependencies = (
			);
			name = "QRCode demo (iOS)";
			productName = "QRCode demo (iOS)";
			productReference = 837CA07425F38A0100BCF84D /* QRCode demo.app */;
			productType = "com.apple.product-type.application";
		};
		837CA07B25F38A0100BCF84D /* QRCode demo (macOS) */ = {
			isa = PBXNativeTarget;
			buildConfigurationList = 837CA0A125F38A0100BCF84D /* Build configuration list for PBXNativeTarget "QRCode demo (macOS)" */;
			buildPhases = (
				837CA07825F38A0100BCF84D /* Sources */,
				837CA07925F38A0100BCF84D /* Frameworks */,
				837CA07A25F38A0100BCF84D /* Resources */,
			);
			buildRules = (
			);
			dependencies = (
			);
			name = "QRCode demo (macOS)";
			productName = "QRCode demo (macOS)";
			productReference = 837CA07C25F38A0100BCF84D /* QRCode demo.app */;
			productType = "com.apple.product-type.application";
		};
		837CA08325F38A0100BCF84D /* Tests iOS */ = {
			isa = PBXNativeTarget;
			buildConfigurationList = 837CA0A425F38A0100BCF84D /* Build configuration list for PBXNativeTarget "Tests iOS" */;
			buildPhases = (
				837CA08025F38A0100BCF84D /* Sources */,
				837CA08125F38A0100BCF84D /* Frameworks */,
				837CA08225F38A0100BCF84D /* Resources */,
			);
			buildRules = (
			);
			dependencies = (
				837CA08625F38A0100BCF84D /* PBXTargetDependency */,
			);
			name = "Tests iOS";
			productName = "Tests iOS";
			productReference = 837CA08425F38A0100BCF84D /* Tests iOS.xctest */;
			productType = "com.apple.product-type.bundle.ui-testing";
		};
		837CA08E25F38A0100BCF84D /* Tests macOS */ = {
			isa = PBXNativeTarget;
			buildConfigurationList = 837CA0A725F38A0100BCF84D /* Build configuration list for PBXNativeTarget "Tests macOS" */;
			buildPhases = (
				837CA08B25F38A0100BCF84D /* Sources */,
				837CA08C25F38A0100BCF84D /* Frameworks */,
				837CA08D25F38A0100BCF84D /* Resources */,
			);
			buildRules = (
			);
			dependencies = (
				837CA09125F38A0100BCF84D /* PBXTargetDependency */,
			);
			name = "Tests macOS";
			productName = "Tests macOS";
			productReference = 837CA08F25F38A0100BCF84D /* Tests macOS.xctest */;
			productType = "com.apple.product-type.bundle.ui-testing";
		};
/* End PBXNativeTarget section */

/* Begin PBXProject section */
		837CA06825F38A0000BCF84D /* Project object */ = {
			isa = PBXProject;
			attributes = {
				LastSwiftUpdateCheck = 1240;
				LastUpgradeCheck = 1240;
				TargetAttributes = {
					837CA07325F38A0100BCF84D = {
						CreatedOnToolsVersion = 12.4;
					};
					837CA07B25F38A0100BCF84D = {
						CreatedOnToolsVersion = 12.4;
					};
					837CA08325F38A0100BCF84D = {
						CreatedOnToolsVersion = 12.4;
						TestTargetID = 837CA07325F38A0100BCF84D;
					};
					837CA08E25F38A0100BCF84D = {
						CreatedOnToolsVersion = 12.4;
						TestTargetID = 837CA07B25F38A0100BCF84D;
					};
				};
			};
			buildConfigurationList = 837CA06B25F38A0000BCF84D /* Build configuration list for PBXProject "QRCode demo" */;
			compatibilityVersion = "Xcode 9.3";
			developmentRegion = en;
			hasScannedForEncodings = 0;
			knownRegions = (
				en,
				Base,
			);
			mainGroup = 837CA06725F38A0000BCF84D;
			productRefGroup = 837CA07525F38A0100BCF84D /* Products */;
			projectDirPath = "";
			projectRoot = "";
			targets = (
				837CA07325F38A0100BCF84D /* QRCode demo (iOS) */,
				837CA07B25F38A0100BCF84D /* QRCode demo (macOS) */,
				837CA08325F38A0100BCF84D /* Tests iOS */,
				837CA08E25F38A0100BCF84D /* Tests macOS */,
			);
		};
/* End PBXProject section */

/* Begin PBXResourcesBuildPhase section */
		837CA07225F38A0100BCF84D /* Resources */ = {
			isa = PBXResourcesBuildPhase;
			buildActionMask = 2147483647;
			files = (
				837CA09A25F38A0100BCF84D /* Assets.xcassets in Resources */,
			);
			runOnlyForDeploymentPostprocessing = 0;
		};
		837CA07A25F38A0100BCF84D /* Resources */ = {
			isa = PBXResourcesBuildPhase;
			buildActionMask = 2147483647;
			files = (
				837CA09B25F38A0100BCF84D /* Assets.xcassets in Resources */,
			);
			runOnlyForDeploymentPostprocessing = 0;
		};
		837CA08225F38A0100BCF84D /* Resources */ = {
			isa = PBXResourcesBuildPhase;
			buildActionMask = 2147483647;
			files = (
			);
			runOnlyForDeploymentPostprocessing = 0;
		};
		837CA08D25F38A0100BCF84D /* Resources */ = {
			isa = PBXResourcesBuildPhase;
			buildActionMask = 2147483647;
			files = (
			);
			runOnlyForDeploymentPostprocessing = 0;
		};
/* End PBXResourcesBuildPhase section */

/* Begin PBXSourcesBuildPhase section */
		837CA07025F38A0100BCF84D /* Sources */ = {
			isa = PBXSourcesBuildPhase;
			buildActionMask = 2147483647;
			files = (
				837CA09825F38A0100BCF84D /* ContentView.swift in Sources */,
				837CA09625F38A0100BCF84D /* QRCode_demoApp.swift in Sources */,
			);
			runOnlyForDeploymentPostprocessing = 0;
		};
		837CA07825F38A0100BCF84D /* Sources */ = {
			isa = PBXSourcesBuildPhase;
			buildActionMask = 2147483647;
			files = (
				837CA09925F38A0100BCF84D /* ContentView.swift in Sources */,
				837CA09725F38A0100BCF84D /* QRCode_demoApp.swift in Sources */,
			);
			runOnlyForDeploymentPostprocessing = 0;
		};
		837CA08025F38A0100BCF84D /* Sources */ = {
			isa = PBXSourcesBuildPhase;
			buildActionMask = 2147483647;
			files = (
				837CA08925F38A0100BCF84D /* Tests_iOS.swift in Sources */,
			);
			runOnlyForDeploymentPostprocessing = 0;
		};
		837CA08B25F38A0100BCF84D /* Sources */ = {
			isa = PBXSourcesBuildPhase;
			buildActionMask = 2147483647;
			files = (
				837CA09425F38A0100BCF84D /* Tests_macOS.swift in Sources */,
			);
			runOnlyForDeploymentPostprocessing = 0;
		};
/* End PBXSourcesBuildPhase section */

/* Begin PBXTargetDependency section */
		837CA08625F38A0100BCF84D /* PBXTargetDependency */ = {
			isa = PBXTargetDependency;
			target = 837CA07325F38A0100BCF84D /* QRCode demo (iOS) */;
			targetProxy = 837CA08525F38A0100BCF84D /* PBXContainerItemProxy */;
		};
		837CA09125F38A0100BCF84D /* PBXTargetDependency */ = {
			isa = PBXTargetDependency;
			target = 837CA07B25F38A0100BCF84D /* QRCode demo (macOS) */;
			targetProxy = 837CA09025F38A0100BCF84D /* PBXContainerItemProxy */;
		};
/* End PBXTargetDependency section */

/* Begin XCBuildConfiguration section */
		837CA09C25F38A0100BCF84D /* Debug */ = {
			isa = XCBuildConfiguration;
			buildSettings = {
				ALWAYS_SEARCH_USER_PATHS = NO;
				CLANG_ANALYZER_NONNULL = YES;
				CLANG_ANALYZER_NUMBER_OBJECT_CONVERSION = YES_AGGRESSIVE;
				CLANG_CXX_LANGUAGE_STANDARD = "gnu++14";
				CLANG_CXX_LIBRARY = "libc++";
				CLANG_ENABLE_MODULES = YES;
				CLANG_ENABLE_OBJC_ARC = YES;
				CLANG_ENABLE_OBJC_WEAK = YES;
				CLANG_WARN_BLOCK_CAPTURE_AUTORELEASING = YES;
				CLANG_WARN_BOOL_CONVERSION = YES;
				CLANG_WARN_COMMA = YES;
				CLANG_WARN_CONSTANT_CONVERSION = YES;
				CLANG_WARN_DEPRECATED_OBJC_IMPLEMENTATIONS = YES;
				CLANG_WARN_DIRECT_OBJC_ISA_USAGE = YES_ERROR;
				CLANG_WARN_DOCUMENTATION_COMMENTS = YES;
				CLANG_WARN_EMPTY_BODY = YES;
				CLANG_WARN_ENUM_CONVERSION = YES;
				CLANG_WARN_INFINITE_RECURSION = YES;
				CLANG_WARN_INT_CONVERSION = YES;
				CLANG_WARN_NON_LITERAL_NULL_CONVERSION = YES;
				CLANG_WARN_OBJC_IMPLICIT_RETAIN_SELF = YES;
				CLANG_WARN_OBJC_LITERAL_CONVERSION = YES;
				CLANG_WARN_OBJC_ROOT_CLASS = YES_ERROR;
				CLANG_WARN_QUOTED_INCLUDE_IN_FRAMEWORK_HEADER = YES;
				CLANG_WARN_RANGE_LOOP_ANALYSIS = YES;
				CLANG_WARN_STRICT_PROTOTYPES = YES;
				CLANG_WARN_SUSPICIOUS_MOVE = YES;
				CLANG_WARN_UNGUARDED_AVAILABILITY = YES_AGGRESSIVE;
				CLANG_WARN_UNREACHABLE_CODE = YES;
				CLANG_WARN__DUPLICATE_METHOD_MATCH = YES;
				COPY_PHASE_STRIP = NO;
				DEBUG_INFORMATION_FORMAT = dwarf;
				ENABLE_STRICT_OBJC_MSGSEND = YES;
				ENABLE_TESTABILITY = YES;
				GCC_C_LANGUAGE_STANDARD = gnu11;
				GCC_DYNAMIC_NO_PIC = NO;
				GCC_NO_COMMON_BLOCKS = YES;
				GCC_OPTIMIZATION_LEVEL = 0;
				GCC_PREPROCESSOR_DEFINITIONS = (
					"DEBUG=1",
					"$(inherited)",
				);
				GCC_WARN_64_TO_32_BIT_CONVERSION = YES;
				GCC_WARN_ABOUT_RETURN_TYPE = YES_ERROR;
				GCC_WARN_UNDECLARED_SELECTOR = YES;
				GCC_WARN_UNINITIALIZED_AUTOS = YES_AGGRESSIVE;
				GCC_WARN_UNUSED_FUNCTION = YES;
				GCC_WARN_UNUSED_VARIABLE = YES;
				MTL_ENABLE_DEBUG_INFO = INCLUDE_SOURCE;
				MTL_FAST_MATH = YES;
				ONLY_ACTIVE_ARCH = YES;
				SWIFT_ACTIVE_COMPILATION_CONDITIONS = DEBUG;
				SWIFT_OPTIMIZATION_LEVEL = "-Onone";
			};
			name = Debug;
		};
		837CA09D25F38A0100BCF84D /* Release */ = {
			isa = XCBuildConfiguration;
			buildSettings = {
				ALWAYS_SEARCH_USER_PATHS = NO;
				CLANG_ANALYZER_NONNULL = YES;
				CLANG_ANALYZER_NUMBER_OBJECT_CONVERSION = YES_AGGRESSIVE;
				CLANG_CXX_LANGUAGE_STANDARD = "gnu++14";
				CLANG_CXX_LIBRARY = "libc++";
				CLANG_ENABLE_MODULES = YES;
				CLANG_ENABLE_OBJC_ARC = YES;
				CLANG_ENABLE_OBJC_WEAK = YES;
				CLANG_WARN_BLOCK_CAPTURE_AUTORELEASING = YES;
				CLANG_WARN_BOOL_CONVERSION = YES;
				CLANG_WARN_COMMA = YES;
				CLANG_WARN_CONSTANT_CONVERSION = YES;
				CLANG_WARN_DEPRECATED_OBJC_IMPLEMENTATIONS = YES;
				CLANG_WARN_DIRECT_OBJC_ISA_USAGE = YES_ERROR;
				CLANG_WARN_DOCUMENTATION_COMMENTS = YES;
				CLANG_WARN_EMPTY_BODY = YES;
				CLANG_WARN_ENUM_CONVERSION = YES;
				CLANG_WARN_INFINITE_RECURSION = YES;
				CLANG_WARN_INT_CONVERSION = YES;
				CLANG_WARN_NON_LITERAL_NULL_CONVERSION = YES;
				CLANG_WARN_OBJC_IMPLICIT_RETAIN_SELF = YES;
				CLANG_WARN_OBJC_LITERAL_CONVERSION = YES;
				CLANG_WARN_OBJC_ROOT_CLASS = YES_ERROR;
				CLANG_WARN_QUOTED_INCLUDE_IN_FRAMEWORK_HEADER = YES;
				CLANG_WARN_RANGE_LOOP_ANALYSIS = YES;
				CLANG_WARN_STRICT_PROTOTYPES = YES;
				CLANG_WARN_SUSPICIOUS_MOVE = YES;
				CLANG_WARN_UNGUARDED_AVAILABILITY = YES_AGGRESSIVE;
				CLANG_WARN_UNREACHABLE_CODE = YES;
				CLANG_WARN__DUPLICATE_METHOD_MATCH = YES;
				COPY_PHASE_STRIP = NO;
				DEBUG_INFORMATION_FORMAT = "dwarf-with-dsym";
				ENABLE_NS_ASSERTIONS = NO;
				ENABLE_STRICT_OBJC_MSGSEND = YES;
				GCC_C_LANGUAGE_STANDARD = gnu11;
				GCC_NO_COMMON_BLOCKS = YES;
				GCC_WARN_64_TO_32_BIT_CONVERSION = YES;
				GCC_WARN_ABOUT_RETURN_TYPE = YES_ERROR;
				GCC_WARN_UNDECLARED_SELECTOR = YES;
				GCC_WARN_UNINITIALIZED_AUTOS = YES_AGGRESSIVE;
				GCC_WARN_UNUSED_FUNCTION = YES;
				GCC_WARN_UNUSED_VARIABLE = YES;
				MTL_ENABLE_DEBUG_INFO = NO;
				MTL_FAST_MATH = YES;
				SWIFT_COMPILATION_MODE = wholemodule;
				SWIFT_OPTIMIZATION_LEVEL = "-O";
			};
			name = Release;
		};
		837CA09F25F38A0100BCF84D /* Debug */ = {
			isa = XCBuildConfiguration;
			buildSettings = {
				ASSETCATALOG_COMPILER_APPICON_NAME = AppIcon;
				ASSETCATALOG_COMPILER_GLOBAL_ACCENT_COLOR_NAME = AccentColor;
				CODE_SIGN_STYLE = Automatic;
				DEVELOPMENT_TEAM = UGDUJASRTY;
				ENABLE_PREVIEWS = YES;
				INFOPLIST_FILE = iOS/Info.plist;
				IPHONEOS_DEPLOYMENT_TARGET = 14.0;
				LD_RUNPATH_SEARCH_PATHS = (
					"$(inherited)",
					"@executable_path/Frameworks",
				);
				PRODUCT_BUNDLE_IDENTIFIER = "com.TariqAlmazyad.QRCode-demo";
				PRODUCT_NAME = "QRCode demo";
				SDKROOT = iphoneos;
				SWIFT_VERSION = 5.0;
				TARGETED_DEVICE_FAMILY = "1,2";
			};
			name = Debug;
		};
		837CA0A025F38A0100BCF84D /* Release */ = {
			isa = XCBuildConfiguration;
			buildSettings = {
				ASSETCATALOG_COMPILER_APPICON_NAME = AppIcon;
				ASSETCATALOG_COMPILER_GLOBAL_ACCENT_COLOR_NAME = AccentColor;
				CODE_SIGN_STYLE = Automatic;
				DEVELOPMENT_TEAM = UGDUJASRTY;
				ENABLE_PREVIEWS = YES;
				INFOPLIST_FILE = iOS/Info.plist;
				IPHONEOS_DEPLOYMENT_TARGET = 14.0;
				LD_RUNPATH_SEARCH_PATHS = (
					"$(inherited)",
					"@executable_path/Frameworks",
				);
				PRODUCT_BUNDLE_IDENTIFIER = "com.TariqAlmazyad.QRCode-demo";
				PRODUCT_NAME = "QRCode demo";
				SDKROOT = iphoneos;
				SWIFT_VERSION = 5.0;
				TARGETED_DEVICE_FAMILY = "1,2";
				VALIDATE_PRODUCT = YES;
			};
			name = Release;
		};
		837CA0A225F38A0100BCF84D /* Debug */ = {
			isa = XCBuildConfiguration;
			buildSettings = {
				ASSETCATALOG_COMPILER_APPICON_NAME = AppIcon;
				ASSETCATALOG_COMPILER_GLOBAL_ACCENT_COLOR_NAME = AccentColor;
				CODE_SIGN_ENTITLEMENTS = macOS/macOS.entitlements;
				CODE_SIGN_STYLE = Automatic;
				COMBINE_HIDPI_IMAGES = YES;
				DEVELOPMENT_TEAM = UGDUJASRTY;
				ENABLE_HARDENED_RUNTIME = YES;
				ENABLE_PREVIEWS = YES;
				INFOPLIST_FILE = macOS/Info.plist;
				LD_RUNPATH_SEARCH_PATHS = (
					"$(inherited)",
					"@executable_path/../Frameworks",
				);
				MACOSX_DEPLOYMENT_TARGET = 11.0;
				PRODUCT_BUNDLE_IDENTIFIER = "com.TariqAlmazyad.QRCode-demo";
				PRODUCT_NAME = "QRCode demo";
				SDKROOT = macosx;
				SWIFT_VERSION = 5.0;
			};
			name = Debug;
		};
		837CA0A325F38A0100BCF84D /* Release */ = {
			isa = XCBuildConfiguration;
			buildSettings = {
				ASSETCATALOG_COMPILER_APPICON_NAME = AppIcon;
				ASSETCATALOG_COMPILER_GLOBAL_ACCENT_COLOR_NAME = AccentColor;
				CODE_SIGN_ENTITLEMENTS = macOS/macOS.entitlements;
				CODE_SIGN_STYLE = Automatic;
				COMBINE_HIDPI_IMAGES = YES;
				DEVELOPMENT_TEAM = UGDUJASRTY;
				ENABLE_HARDENED_RUNTIME = YES;
				ENABLE_PREVIEWS = YES;
				INFOPLIST_FILE = macOS/Info.plist;
				LD_RUNPATH_SEARCH_PATHS = (
					"$(inherited)",
					"@executable_path/../Frameworks",
				);
				MACOSX_DEPLOYMENT_TARGET = 11.0;
				PRODUCT_BUNDLE_IDENTIFIER = "com.TariqAlmazyad.QRCode-demo";
				PRODUCT_NAME = "QRCode demo";
				SDKROOT = macosx;
				SWIFT_VERSION = 5.0;
			};
			name = Release;
		};
		837CA0A525F38A0100BCF84D /* Debug */ = {
			isa = XCBuildConfiguration;
			buildSettings = {
				ALWAYS_EMBED_SWIFT_STANDARD_LIBRARIES = YES;
				CODE_SIGN_STYLE = Automatic;
				DEVELOPMENT_TEAM = UGDUJASRTY;
				INFOPLIST_FILE = "Tests iOS/Info.plist";
				IPHONEOS_DEPLOYMENT_TARGET = 14.4;
				LD_RUNPATH_SEARCH_PATHS = (
					"$(inherited)",
					"@executable_path/Frameworks",
					"@loader_path/Frameworks",
				);
				PRODUCT_BUNDLE_IDENTIFIER = "com.TariqAlmazyad.Tests-iOS";
				PRODUCT_NAME = "$(TARGET_NAME)";
				SDKROOT = iphoneos;
				SWIFT_VERSION = 5.0;
				TARGETED_DEVICE_FAMILY = "1,2";
				TEST_TARGET_NAME = "QRCode demo (iOS)";
			};
			name = Debug;
		};
		837CA0A625F38A0100BCF84D /* Release */ = {
			isa = XCBuildConfiguration;
			buildSettings = {
				ALWAYS_EMBED_SWIFT_STANDARD_LIBRARIES = YES;
				CODE_SIGN_STYLE = Automatic;
				DEVELOPMENT_TEAM = UGDUJASRTY;
				INFOPLIST_FILE = "Tests iOS/Info.plist";
				IPHONEOS_DEPLOYMENT_TARGET = 14.4;
				LD_RUNPATH_SEARCH_PATHS = (
					"$(inherited)",
					"@executable_path/Frameworks",
					"@loader_path/Frameworks",
				);
				PRODUCT_BUNDLE_IDENTIFIER = "com.TariqAlmazyad.Tests-iOS";
				PRODUCT_NAME = "$(TARGET_NAME)";
				SDKROOT = iphoneos;
				SWIFT_VERSION = 5.0;
				TARGETED_DEVICE_FAMILY = "1,2";
				TEST_TARGET_NAME = "QRCode demo (iOS)";
				VALIDATE_PRODUCT = YES;
			};
			name = Release;
		};
		837CA0A825F38A0100BCF84D /* Debug */ = {
			isa = XCBuildConfiguration;
			buildSettings = {
				ALWAYS_EMBED_SWIFT_STANDARD_LIBRARIES = YES;
				CODE_SIGN_STYLE = Automatic;
				COMBINE_HIDPI_IMAGES = YES;
				DEVELOPMENT_TEAM = UGDUJASRTY;
				INFOPLIST_FILE = "Tests macOS/Info.plist";
				LD_RUNPATH_SEARCH_PATHS = (
					"$(inherited)",
					"@executable_path/../Frameworks",
					"@loader_path/../Frameworks",
				);
				MACOSX_DEPLOYMENT_TARGET = 11.1;
				PRODUCT_BUNDLE_IDENTIFIER = "com.TariqAlmazyad.Tests-macOS";
				PRODUCT_NAME = "$(TARGET_NAME)";
				SDKROOT = macosx;
				SWIFT_VERSION = 5.0;
				TEST_TARGET_NAME = "QRCode demo (macOS)";
			};
			name = Debug;
		};
		837CA0A925F38A0100BCF84D /* Release */ = {
			isa = XCBuildConfiguration;
			buildSettings = {
				ALWAYS_EMBED_SWIFT_STANDARD_LIBRARIES = YES;
				CODE_SIGN_STYLE = Automatic;
				COMBINE_HIDPI_IMAGES = YES;
				DEVELOPMENT_TEAM = UGDUJASRTY;
				INFOPLIST_FILE = "Tests macOS/Info.plist";
				LD_RUNPATH_SEARCH_PATHS = (
					"$(inherited)",
					"@executable_path/../Frameworks",
					"@loader_path/../Frameworks",
				);
				MACOSX_DEPLOYMENT_TARGET = 11.1;
				PRODUCT_BUNDLE_IDENTIFIER = "com.TariqAlmazyad.Tests-macOS";
				PRODUCT_NAME = "$(TARGET_NAME)";
				SDKROOT = macosx;
				SWIFT_VERSION = 5.0;
				TEST_TARGET_NAME = "QRCode demo (macOS)";
			};
			name = Release;
		};
/* End XCBuildConfiguration section */

/* Begin XCConfigurationList section */
		837CA06B25F38A0000BCF84D /* Build configuration list for PBXProject "QRCode demo" */ = {
			isa = XCConfigurationList;
			buildConfigurations = (
				837CA09C25F38A0100BCF84D /* Debug */,
				837CA09D25F38A0100BCF84D /* Release */,
			);
			defaultConfigurationIsVisible = 0;
			defaultConfigurationName = Release;
		};
		837CA09E25F38A0100BCF84D /* Build configuration list for PBXNativeTarget "QRCode demo (iOS)" */ = {
			isa = XCConfigurationList;
			buildConfigurations = (
				837CA09F25F38A0100BCF84D /* Debug */,
				837CA0A025F38A0100BCF84D /* Release */,
			);
			defaultConfigurationIsVisible = 0;
			defaultConfigurationName = Release;
		};
		837CA0A125F38A0100BCF84D /* Build configuration list for PBXNativeTarget "QRCode demo (macOS)" */ = {
			isa = XCConfigurationList;
			buildConfigurations = (
				837CA0A225F38A0100BCF84D /* Debug */,
				837CA0A325F38A0100BCF84D /* Release */,
			);
			defaultConfigurationIsVisible = 0;
			defaultConfigurationName = Release;
		};
		837CA0A425F38A0100BCF84D /* Build configuration list for PBXNativeTarget "Tests iOS" */ = {
			isa = XCConfigurationList;
			buildConfigurations = (
				837CA0A525F38A0100BCF84D /* Debug */,
				837CA0A625F38A0100BCF84D /* Release */,
			);
			defaultConfigurationIsVisible = 0;
			defaultConfigurationName = Release;
		};
		837CA0A725F38A0100BCF84D /* Build configuration list for PBXNativeTarget "Tests macOS" */ = {
			isa = XCConfigurationList;
			buildConfigurations = (
				837CA0A825F38A0100BCF84D /* Debug */,
				837CA0A925F38A0100BCF84D /* Release */,
			);
			defaultConfigurationIsVisible = 0;
			defaultConfigurationName = Release;
		};
/* End XCConfigurationList section */
	};
	rootObject = 837CA06825F38A0000BCF84D /* Project object */;
}
